
Microsoft Visual Studio Solution File, Format Version 12.00
# Visual Studio Version 17
Project("{8BC9CEB8-8B4A-11D0-8D11-00A0C91BC942}") = "ALL_BUILD", "ALL_BUILD.vcxproj", "{3F0B77ED-50A2-3CF8-A278-6C885EFB773C}"
	ProjectSection(ProjectDependencies) = postProject
		{F1FFA2C0-AD58-3013-9118-64F610FA2F0E} = {F1FFA2C0-AD58-3013-9118-64F610FA2F0E}
	EndProjectSection
EndProject
Project("{8BC9CEB8-8B4A-11D0-8D11-00A0C91BC942}") = "ZERO_CHECK", "..\..\\ZERO_CHECK.vcxproj", "{F1FFA2C0-AD58-3013-9118-64F610FA2F0E}"
	ProjectSection(ProjectDependencies) = postProject
	EndProjectSection
EndProject
Global
	GlobalSection(SolutionConfigurationPlatforms) = preSolution
		Debug|x64 = Debug|x64
		Release|x64 = Release|x64
		MinSizeRel|x64 = MinSizeRel|x64
		RelWithDebInfo|x64 = RelWithDebInfo|x64
	EndGlobalSection
	GlobalSection(ProjectConfigurationPlatforms) = postSolution
		{3F0B77ED-50A2-3CF8-A278-6C885EFB773C}.Debug|x64.ActiveCfg = Debug|x64
		{3F0B77ED-50A2-3CF8-A278-6C885EFB773C}.Release|x64.ActiveCfg = Release|x64
		{3F0B77ED-50A2-3CF8-A278-6C885EFB773C}.MinSizeRel|x64.ActiveCfg = MinSizeRel|x64
		{3F0B77ED-50A2-3CF8-A278-6C885EFB773C}.RelWithDebInfo|x64.ActiveCfg = RelWithDebInfo|x64
		{F1FFA2C0-AD58-3013-9118-64F610FA2F0E}.Debug|x64.ActiveCfg = Debug|x64
		{F1FFA2C0-AD58-3013-9118-64F610FA2F0E}.Debug|x64.Build.0 = Debug|x64
		{F1FFA2C0-AD58-3013-9118-64F610FA2F0E}.Release|x64.ActiveCfg = Release|x64
		{F1FFA2C0-AD58-3013-9118-64F610FA2F0E}.Release|x64.Build.0 = Release|x64
		{F1FFA2C0-AD58-3013-9118-64F610FA2F0E}.MinSizeRel|x64.ActiveCfg = MinSizeRel|x64
		{F1FFA2C0-AD58-3013-9118-64F610FA2F0E}.MinSizeRel|x64.Build.0 = MinSizeRel|x64
		{F1FFA2C0-AD58-3013-9118-64F610FA2F0E}.RelWithDebInfo|x64.ActiveCfg = RelWithDebInfo|x64
		{F1FFA2C0-AD58-3013-9118-64F610FA2F0E}.RelWithDebInfo|x64.Build.0 = RelWithDebInfo|x64
	EndGlobalSection
	GlobalSection(ExtensibilityGlobals) = postSolution
		SolutionGuid = {DEF9EB3E-4CC6-3D35-8F98-C60C17A8179F}
	EndGlobalSection
	GlobalSection(ExtensibilityAddIns) = postSolution
	EndGlobalSection
EndGlobal
